
Microsoft Visual Studio Solution File, Format Version 12.00
# Visual Studio Version 17
VisualStudioVersion = 17.10.34916.146
MinimumVisualStudioVersion = 10.0.40219.1
Project("{FAE04EC0-301F-11D3-BF4B-00C04F79EFBC}") = "PharmacyManagermentSystem", "PharmacyManagermentSystem\PharmacyManagermentSystem.csproj", "{A0F01E33-8868-4CF6-A542-F20626DB9045}"
EndProject
Global
	GlobalSection(SolutionConfigurationPlatforms) = preSolution
		Debug|Any CPU = Debug|Any CPU
		Release|Any CPU = Release|Any CPU
	EndGlobalSection
	GlobalSection(ProjectConfigurationPlatforms) = postSolution
		{A0F01E33-8868-4CF6-A542-F20626DB9045}.Debug|Any CPU.ActiveCfg = Debug|Any CPU
		{A0F01E33-8868-4CF6-A542-F20626DB9045}.Debug|Any CPU.Build.0 = Debug|Any CPU
		{A0F01E33-8868-4CF6-A542-F20626DB9045}.Release|Any CPU.ActiveCfg = Release|Any CPU
		{A0F01E33-8868-4CF6-A542-F20626DB9045}.Release|Any CPU.Build.0 = Release|Any CPU
	EndGlobalSection
	GlobalSection(SolutionProperties) = preSolution
		HideSolutionNode = FALSE
	EndGlobalSection
	GlobalSection(ExtensibilityGlobals) = postSolution
		SolutionGuid = {95E8282A-E717-4DDC-9C19-4D034457C7A1}
	EndGlobalSection
EndGlobal
